# This file is automatically @generated by Cargo.
# It is not intended for manual editing.
version = 4

[[package]]
name = "kobo-annotations"
version = "0.1.0"
dependencies = [
 "markdown-gen",
 "quick-xml",
]

[[package]]
name = "markdown-gen"
version = "1.2.1"
source = "registry+https://github.com/rust-lang/crates.io-index"
checksum = "8034621d7f1258317ca1dfb9205e3925d27ee4aa2a46620a09c567daf0310562"

[[package]]
name = "memchr"
version = "2.7.4"
source = "registry+https://github.com/rust-lang/crates.io-index"
checksum = "78ca9ab1a0babb1e7d5695e3530886289c18cf2f87ec19a575a0abdce112e3a3"

[[package]]
name = "quick-xml"
version = "0.37.1"
source = "registry+https://github.com/rust-lang/crates.io-index"
checksum = "f22f29bdff3987b4d8632ef95fd6424ec7e4e0a57e2f4fc63e489e75357f6a03"
dependencies = [
 "memchr",
]
